
Microsoft Visual Studio Solution File, Format Version 12.00
# Visual Studio Version 16
VisualStudioVersion = 16.0.31729.503
MinimumVisualStudioVersion = 10.0.40219.1
Project("{8BC9CEB8-8B4A-11D0-8D11-00A0C91BC942}") = "hw0", "hw0\hw0.vcxproj", "{64190A78-0AA5-4B48-A03A-541988C039AC}"
EndProject
Project("{8BC9CEB8-8B4A-11D0-8D11-00A0C91BC942}") = "hw1", "hw1\hw1.vcxproj", "{75BA7B13-D154-4F12-8492-7B4F700376DF}"
EndProject
Project("{8BC9CEB8-8B4A-11D0-8D11-00A0C91BC942}") = "hw2", "hw2\hw2.vcxproj", "{D5456A26-4217-448F-B879-71F5F4E22899}"
EndProject
Project("{8BC9CEB8-8B4A-11D0-8D11-00A0C91BC942}") = "hw3", "hw3\hw3.vcxproj", "{C5BFC858-8A64-467C-B5D6-6BF1BE03A200}"
EndProject
Project("{8BC9CEB8-8B4A-11D0-8D11-00A0C91BC942}") = "hw4", "hw4\hw4.vcxproj", "{1DE01028-E945-4C52-85B6-999D3E48FA38}"
EndProject
Project("{8BC9CEB8-8B4A-11D0-8D11-00A0C91BC942}") = "hw5", "hw5\hw5.vcxproj", "{51098F0A-B451-4D88-BE7E-70F430E10EF3}"
EndProject
Project("{8BC9CEB8-8B4A-11D0-8D11-00A0C91BC942}") = "hw6", "hw6\hw6.vcxproj", "{37D473FF-743B-442A-80CC-15C724845339}"
EndProject
Project("{8BC9CEB8-8B4A-11D0-8D11-00A0C91BC942}") = "hw7", "hw7\hw7.vcxproj", "{1E8B132B-C1E2-47DA-A5BD-D16590DE0A73}"
EndProject
Project("{8BC9CEB8-8B4A-11D0-8D11-00A0C91BC942}") = "hw8", "hw8\hw8.vcxproj", "{EF1BF532-9DF0-46A3-956B-23FC9C824867}"
EndProject
Global
	GlobalSection(SolutionConfigurationPlatforms) = preSolution
		Debug|x64 = Debug|x64
		Debug|x86 = Debug|x86
		Release|x64 = Release|x64
		Release|x86 = Release|x86
	EndGlobalSection
	GlobalSection(ProjectConfigurationPlatforms) = postSolution
		{64190A78-0AA5-4B48-A03A-541988C039AC}.Debug|x64.ActiveCfg = Debug|x64
		{64190A78-0AA5-4B48-A03A-541988C039AC}.Debug|x64.Build.0 = Debug|x64
		{64190A78-0AA5-4B48-A03A-541988C039AC}.Debug|x86.ActiveCfg = Debug|Win32
		{64190A78-0AA5-4B48-A03A-541988C039AC}.Debug|x86.Build.0 = Debug|Win32
		{64190A78-0AA5-4B48-A03A-541988C039AC}.Release|x64.ActiveCfg = Release|x64
		{64190A78-0AA5-4B48-A03A-541988C039AC}.Release|x64.Build.0 = Release|x64
		{64190A78-0AA5-4B48-A03A-541988C039AC}.Release|x86.ActiveCfg = Release|Win32
		{64190A78-0AA5-4B48-A03A-541988C039AC}.Release|x86.Build.0 = Release|Win32
		{75BA7B13-D154-4F12-8492-7B4F700376DF}.Debug|x64.ActiveCfg = Debug|x64
		{75BA7B13-D154-4F12-8492-7B4F700376DF}.Debug|x64.Build.0 = Debug|x64
		{75BA7B13-D154-4F12-8492-7B4F700376DF}.Debug|x86.ActiveCfg = Debug|Win32
		{75BA7B13-D154-4F12-8492-7B4F700376DF}.Debug|x86.Build.0 = Debug|Win32
		{75BA7B13-D154-4F12-8492-7B4F700376DF}.Release|x64.ActiveCfg = Release|x64
		{75BA7B13-D154-4F12-8492-7B4F700376DF}.Release|x64.Build.0 = Release|x64
		{75BA7B13-D154-4F12-8492-7B4F700376DF}.Release|x86.ActiveCfg = Release|Win32
		{75BA7B13-D154-4F12-8492-7B4F700376DF}.Release|x86.Build.0 = Release|Win32
		{D5456A26-4217-448F-B879-71F5F4E22899}.Debug|x64.ActiveCfg = Debug|x64
		{D5456A26-4217-448F-B879-71F5F4E22899}.Debug|x64.Build.0 = Debug|x64
		{D5456A26-4217-448F-B879-71F5F4E22899}.Debug|x86.ActiveCfg = Debug|Win32
		{D5456A26-4217-448F-B879-71F5F4E22899}.Debug|x86.Build.0 = Debug|Win32
		{D5456A26-4217-448F-B879-71F5F4E22899}.Release|x64.ActiveCfg = Release|x64
		{D5456A26-4217-448F-B879-71F5F4E22899}.Release|x64.Build.0 = Release|x64
		{D5456A26-4217-448F-B879-71F5F4E22899}.Release|x86.ActiveCfg = Release|Win32
		{D5456A26-4217-448F-B879-71F5F4E22899}.Release|x86.Build.0 = Release|Win32
		{C5BFC858-8A64-467C-B5D6-6BF1BE03A200}.Debug|x64.ActiveCfg = Debug|x64
		{C5BFC858-8A64-467C-B5D6-6BF1BE03A200}.Debug|x64.Build.0 = Debug|x64
		{C5BFC858-8A64-467C-B5D6-6BF1BE03A200}.Debug|x86.ActiveCfg = Debug|Win32
		{C5BFC858-8A64-467C-B5D6-6BF1BE03A200}.Debug|x86.Build.0 = Debug|Win32
		{C5BFC858-8A64-467C-B5D6-6BF1BE03A200}.Release|x64.ActiveCfg = Release|x64
		{C5BFC858-8A64-467C-B5D6-6BF1BE03A200}.Release|x64.Build.0 = Release|x64
		{C5BFC858-8A64-467C-B5D6-6BF1BE03A200}.Release|x86.ActiveCfg = Release|Win32
		{C5BFC858-8A64-467C-B5D6-6BF1BE03A200}.Release|x86.Build.0 = Release|Win32
		{1DE01028-E945-4C52-85B6-999D3E48FA38}.Debug|x64.ActiveCfg = Debug|x64
		{1DE01028-E945-4C52-85B6-999D3E48FA38}.Debug|x64.Build.0 = Debug|x64
		{1DE01028-E945-4C52-85B6-999D3E48FA38}.Debug|x86.ActiveCfg = Debug|Win32
		{1DE01028-E945-4C52-85B6-999D3E48FA38}.Debug|x86.Build.0 = Debug|Win32
		{1DE01028-E945-4C52-85B6-999D3E48FA38}.Release|x64.ActiveCfg = Release|x64
		{1DE01028-E945-4C52-85B6-999D3E48FA38}.Release|x64.Build.0 = Release|x64
		{1DE01028-E945-4C52-85B6-999D3E48FA38}.Release|x86.ActiveCfg = Release|Win32
		{1DE01028-E945-4C52-85B6-999D3E48FA38}.Release|x86.Build.0 = Release|Win32
		{51098F0A-B451-4D88-BE7E-70F430E10EF3}.Debug|x64.ActiveCfg = Debug|x64
		{51098F0A-B451-4D88-BE7E-70F430E10EF3}.Debug|x64.Build.0 = Debug|x64
		{51098F0A-B451-4D88-BE7E-70F430E10EF3}.Debug|x86.ActiveCfg = Debug|Win32
		{51098F0A-B451-4D88-BE7E-70F430E10EF3}.Debug|x86.Build.0 = Debug|Win32
		{51098F0A-B451-4D88-BE7E-70F430E10EF3}.Release|x64.ActiveCfg = Release|x64
		{51098F0A-B451-4D88-BE7E-70F430E10EF3}.Release|x64.Build.0 = Release|x64
		{51098F0A-B451-4D88-BE7E-70F430E10EF3}.Release|x86.ActiveCfg = Release|Win32
		{51098F0A-B451-4D88-BE7E-70F430E10EF3}.Release|x86.Build.0 = Release|Win32
		{37D473FF-743B-442A-80CC-15C724845339}.Debug|x64.ActiveCfg = Debug|x64
		{37D473FF-743B-442A-80CC-15C724845339}.Debug|x64.Build.0 = Debug|x64
		{37D473FF-743B-442A-80CC-15C724845339}.Debug|x86.ActiveCfg = Debug|Win32
		{37D473FF-743B-442A-80CC-15C724845339}.Debug|x86.Build.0 = Debug|Win32
		{37D473FF-743B-442A-80CC-15C724845339}.Release|x64.ActiveCfg = Release|x64
		{37D473FF-743B-442A-80CC-15C724845339}.Release|x64.Build.0 = Release|x64
		{37D473FF-743B-442A-80CC-15C724845339}.Release|x86.ActiveCfg = Release|Win32
		{37D473FF-743B-442A-80CC-15C724845339}.Release|x86.Build.0 = Release|Win32
		{1E8B132B-C1E2-47DA-A5BD-D16590DE0A73}.Debug|x64.ActiveCfg = Debug|x64
		{1E8B132B-C1E2-47DA-A5BD-D16590DE0A73}.Debug|x64.Build.0 = Debug|x64
		{1E8B132B-C1E2-47DA-A5BD-D16590DE0A73}.Debug|x86.ActiveCfg = Debug|Win32
		{1E8B132B-C1E2-47DA-A5BD-D16590DE0A73}.Debug|x86.Build.0 = Debug|Win32
		{1E8B132B-C1E2-47DA-A5BD-D16590DE0A73}.Release|x64.ActiveCfg = Release|x64
		{1E8B132B-C1E2-47DA-A5BD-D16590DE0A73}.Release|x64.Build.0 = Release|x64
		{1E8B132B-C1E2-47DA-A5BD-D16590DE0A73}.Release|x86.ActiveCfg = Release|Win32
		{1E8B132B-C1E2-47DA-A5BD-D16590DE0A73}.Release|x86.Build.0 = Release|Win32
		{EF1BF532-9DF0-46A3-956B-23FC9C824867}.Debug|x64.ActiveCfg = Debug|x64
		{EF1BF532-9DF0-46A3-956B-23FC9C824867}.Debug|x64.Build.0 = Debug|x64
		{EF1BF532-9DF0-46A3-956B-23FC9C824867}.Debug|x86.ActiveCfg = Debug|Win32
		{EF1BF532-9DF0-46A3-956B-23FC9C824867}.Debug|x86.Build.0 = Debug|Win32
		{EF1BF532-9DF0-46A3-956B-23FC9C824867}.Release|x64.ActiveCfg = Release|x64
		{EF1BF532-9DF0-46A3-956B-23FC9C824867}.Release|x64.Build.0 = Release|x64
		{EF1BF532-9DF0-46A3-956B-23FC9C824867}.Release|x86.ActiveCfg = Release|Win32
		{EF1BF532-9DF0-46A3-956B-23FC9C824867}.Release|x86.Build.0 = Release|Win32
	EndGlobalSection
	GlobalSection(SolutionProperties) = preSolution
		HideSolutionNode = FALSE
	EndGlobalSection
	GlobalSection(ExtensibilityGlobals) = postSolution
		SolutionGuid = {CADC7BA9-F856-41BC-9046-F7BD74193DA9}
	EndGlobalSection
EndGlobal
