<?xml version="1.0" encoding="utf-8"?>
<Project ToolsVersion="4.0" xmlns="http://schemas.microsoft.com/developer/msbuild/2003">
  <ItemGroup>
    <Filter Include="源文件">
      <UniqueIdentifier>{4FC737F1-C7A5-4376-A066-2A32D752A2FF}</UniqueIdentifier>
      <Extensions>cpp;c;cc;cxx;c++;cppm;ixx;def;odl;idl;hpj;bat;asm;asmx</Extensions>
    </Filter>
    <Filter Include="头文件">
      <UniqueIdentifier>{93995380-89BD-4b04-88EB-625FBE52EBFB}</UniqueIdentifier>
      <Extensions>h;hh;hpp;hxx;h++;hm;inl;inc;ipp;xsd</Extensions>
    </Filter>
    <Filter Include="资源文件">
      <UniqueIdentifier>{67DA6AB6-F800-4c08-8B7A-83BB121AAD01}</UniqueIdentifier>
      <Extensions>rc;ico;cur;bmp;dlg;rc2;rct;bin;rgs;gif;jpg;jpeg;jpe;resx;tiff;tif;png;wav;mfcribbon-ms</Extensions>
    </Filter>
  </ItemGroup>
  <ItemGroup>
    <ClInclude Include="CGL\deps\glew\include\GL\glew.h">
      <Filter>头文件</Filter>
    </ClInclude>
    <ClInclude Include="CGL\deps\glew\include\GL\glxew.h">
      <Filter>头文件</Filter>
    </ClInclude>
    <ClInclude Include="CGL\deps\glew\include\GL\wglew.h">
      <Filter>头文件</Filter>
    </ClInclude>
    <ClInclude Include="CGL\deps\glfw\deps\EGL\eglext.h">
      <Filter>头文件</Filter>
    </ClInclude>
    <ClInclude Include="CGL\deps\glfw\deps\GL\glext.h">
      <Filter>头文件</Filter>
    </ClInclude>
    <ClInclude Include="CGL\deps\glfw\deps\GL\glxext.h">
      <Filter>头文件</Filter>
    </ClInclude>
    <ClInclude Include="CGL\deps\glfw\deps\GL\wglext.h">
      <Filter>头文件</Filter>
    </ClInclude>
    <ClInclude Include="CGL\deps\glfw\deps\glad\glad.h">
      <Filter>头文件</Filter>
    </ClInclude>
    <ClInclude Include="CGL\deps\glfw\deps\KHR\khrplatform.h">
      <Filter>头文件</Filter>
    </ClInclude>
    <ClInclude Include="CGL\deps\glfw\deps\getopt.h">
      <Filter>头文件</Filter>
    </ClInclude>
    <ClInclude Include="CGL\deps\glfw\deps\tinycthread.h">
      <Filter>头文件</Filter>
    </ClInclude>
    <ClInclude Include="CGL\deps\glfw\include\GLFW\glfw3.h">
      <Filter>头文件</Filter>
    </ClInclude>
    <ClInclude Include="CGL\deps\glfw\include\GLFW\glfw3native.h">
      <Filter>头文件</Filter>
    </ClInclude>
    <ClInclude Include="CGL\deps\glfw\src\cocoa_platform.h">
      <Filter>头文件</Filter>
    </ClInclude>
    <ClInclude Include="CGL\deps\glfw\src\egl_context.h">
      <Filter>头文件</Filter>
    </ClInclude>
    <ClInclude Include="CGL\deps\glfw\src\glx_context.h">
      <Filter>头文件</Filter>
    </ClInclude>
    <ClInclude Include="CGL\deps\glfw\src\internal.h">
      <Filter>头文件</Filter>
    </ClInclude>
    <ClInclude Include="CGL\deps\glfw\src\iokit_joystick.h">
      <Filter>头文件</Filter>
    </ClInclude>
    <ClInclude Include="CGL\deps\glfw\src\linux_joystick.h">
      <Filter>头文件</Filter>
    </ClInclude>
    <ClInclude Include="CGL\deps\glfw\src\mir_platform.h">
      <Filter>头文件</Filter>
    </ClInclude>
    <ClInclude Include="CGL\deps\glfw\src\nsgl_context.h">
      <Filter>头文件</Filter>
    </ClInclude>
    <ClInclude Include="CGL\deps\glfw\src\posix_time.h">
      <Filter>头文件</Filter>
    </ClInclude>
    <ClInclude Include="CGL\deps\glfw\src\posix_tls.h">
      <Filter>头文件</Filter>
    </ClInclude>
    <ClInclude Include="CGL\deps\glfw\src\wgl_context.h">
      <Filter>头文件</Filter>
    </ClInclude>
    <ClInclude Include="CGL\deps\glfw\src\win32_platform.h">
      <Filter>头文件</Filter>
    </ClInclude>
    <ClInclude Include="CGL\deps\glfw\src\win32_tls.h">
      <Filter>头文件</Filter>
    </ClInclude>
    <ClInclude Include="CGL\deps\glfw\src\winmm_joystick.h">
      <Filter>头文件</Filter>
    </ClInclude>
    <ClInclude Include="CGL\deps\glfw\src\wl_platform.h">
      <Filter>头文件</Filter>
    </ClInclude>
    <ClInclude Include="CGL\deps\glfw\src\x11_platform.h">
      <Filter>头文件</Filter>
    </ClInclude>
    <ClInclude Include="CGL\deps\glfw\src\xkb_unicode.h">
      <Filter>头文件</Filter>
    </ClInclude>
    <ClInclude Include="CGL\include\CGL\base64.h">
      <Filter>头文件</Filter>
    </ClInclude>
    <ClInclude Include="CGL\include\CGL\CGL.h">
      <Filter>头文件</Filter>
    </ClInclude>
    <ClInclude Include="CGL\include\CGL\color.h">
      <Filter>头文件</Filter>
    </ClInclude>
    <ClInclude Include="CGL\include\CGL\complex.h">
      <Filter>头文件</Filter>
    </ClInclude>
    <ClInclude Include="CGL\include\CGL\matrix3x3.h">
      <Filter>头文件</Filter>
    </ClInclude>
    <ClInclude Include="CGL\include\CGL\matrix4x4.h">
      <Filter>头文件</Filter>
    </ClInclude>
    <ClInclude Include="CGL\include\CGL\misc.h">
      <Filter>头文件</Filter>
    </ClInclude>
    <ClInclude Include="CGL\include\CGL\osdtext.h">
      <Filter>头文件</Filter>
    </ClInclude>
    <ClInclude Include="CGL\include\CGL\quaternion.h">
      <Filter>头文件</Filter>
    </ClInclude>
    <ClInclude Include="CGL\include\CGL\renderer.h">
      <Filter>头文件</Filter>
    </ClInclude>
    <ClInclude Include="CGL\include\CGL\tinyxml2.h">
      <Filter>头文件</Filter>
    </ClInclude>
    <ClInclude Include="CGL\include\CGL\vector2D.h">
      <Filter>头文件</Filter>
    </ClInclude>
    <ClInclude Include="CGL\include\CGL\vector3D.h">
      <Filter>头文件</Filter>
    </ClInclude>
    <ClInclude Include="CGL\include\CGL\vector4D.h">
      <Filter>头文件</Filter>
    </ClInclude>
    <ClInclude Include="CGL\include\CGL\viewer.h">
      <Filter>头文件</Filter>
    </ClInclude>
    <ClInclude Include="CGL\include\GL\glew.h">
      <Filter>头文件</Filter>
    </ClInclude>
    <ClInclude Include="CGL\include\GL\glxew.h">
      <Filter>头文件</Filter>
    </ClInclude>
    <ClInclude Include="CGL\include\GL\wglew.h">
      <Filter>头文件</Filter>
    </ClInclude>
    <ClInclude Include="CGL\include\GLFW\glfw3.h">
      <Filter>头文件</Filter>
    </ClInclude>
    <ClInclude Include="CGL\include\GLFW\glfw3native.h">
      <Filter>头文件</Filter>
    </ClInclude>
    <ClInclude Include="CGL\src\base64.h">
      <Filter>头文件</Filter>
    </ClInclude>
    <ClInclude Include="CGL\src\CGL.h">
      <Filter>头文件</Filter>
    </ClInclude>
    <ClInclude Include="CGL\src\color.h">
      <Filter>头文件</Filter>
    </ClInclude>
    <ClInclude Include="CGL\src\complex.h">
      <Filter>头文件</Filter>
    </ClInclude>
    <ClInclude Include="CGL\src\console.h">
      <Filter>头文件</Filter>
    </ClInclude>
    <ClInclude Include="CGL\src\matrix3x3.h">
      <Filter>头文件</Filter>
    </ClInclude>
    <ClInclude Include="CGL\src\matrix4x4.h">
      <Filter>头文件</Filter>
    </ClInclude>
    <ClInclude Include="CGL\src\osdtext.h">
      <Filter>头文件</Filter>
    </ClInclude>
    <ClInclude Include="CGL\src\quaternion.h">
      <Filter>头文件</Filter>
    </ClInclude>
    <ClInclude Include="CGL\src\renderer.h">
      <Filter>头文件</Filter>
    </ClInclude>
    <ClInclude Include="CGL\src\tinyxml2.h">
      <Filter>头文件</Filter>
    </ClInclude>
    <ClInclude Include="CGL\src\vector2D.h">
      <Filter>头文件</Filter>
    </ClInclude>
    <ClInclude Include="CGL\src\vector3D.h">
      <Filter>头文件</Filter>
    </ClInclude>
    <ClInclude Include="CGL\src\vector4D.h">
      <Filter>头文件</Filter>
    </ClInclude>
    <ClInclude Include="CGL\src\viewer.h">
      <Filter>头文件</Filter>
    </ClInclude>
    <ClInclude Include="src\application.h">
      <Filter>头文件</Filter>
    </ClInclude>
    <ClInclude Include="src\mass.h">
      <Filter>头文件</Filter>
    </ClInclude>
    <ClInclude Include="src\rope.h">
      <Filter>头文件</Filter>
    </ClInclude>
    <ClInclude Include="src\spring.h">
      <Filter>头文件</Filter>
    </ClInclude>
  </ItemGroup>
  <ItemGroup>
    <ClCompile Include="CGL\deps\glew\src\glew.c">
      <Filter>源文件</Filter>
    </ClCompile>
    <ClCompile Include="CGL\deps\glew\src\glewinfo.c">
      <Filter>源文件</Filter>
    </ClCompile>
    <ClCompile Include="CGL\deps\glew\src\visualinfo.c">
      <Filter>源文件</Filter>
    </ClCompile>
    <ClCompile Include="CGL\deps\glfw\deps\getopt.c">
      <Filter>源文件</Filter>
    </ClCompile>
    <ClCompile Include="CGL\deps\glfw\deps\glad.c">
      <Filter>源文件</Filter>
    </ClCompile>
    <ClCompile Include="CGL\deps\glfw\deps\tinycthread.c">
      <Filter>源文件</Filter>
    </ClCompile>
    <ClCompile Include="CGL\deps\glfw\examples\boing.c">
      <Filter>源文件</Filter>
    </ClCompile>
    <ClCompile Include="CGL\deps\glfw\examples\gears.c">
      <Filter>源文件</Filter>
    </ClCompile>
    <ClCompile Include="CGL\deps\glfw\examples\heightmap.c">
      <Filter>源文件</Filter>
    </ClCompile>
    <ClCompile Include="CGL\deps\glfw\examples\particles.c">
      <Filter>源文件</Filter>
    </ClCompile>
    <ClCompile Include="CGL\deps\glfw\examples\simple.c">
      <Filter>源文件</Filter>
    </ClCompile>
    <ClCompile Include="CGL\deps\glfw\examples\splitview.c">
      <Filter>源文件</Filter>
    </ClCompile>
    <ClCompile Include="CGL\deps\glfw\examples\wave.c">
      <Filter>源文件</Filter>
    </ClCompile>
    <ClCompile Include="CGL\deps\glfw\src\context.c">
      <Filter>源文件</Filter>
    </ClCompile>
    <ClCompile Include="CGL\deps\glfw\src\egl_context.c">
      <Filter>源文件</Filter>
    </ClCompile>
    <ClCompile Include="CGL\deps\glfw\src\glx_context.c">
      <Filter>源文件</Filter>
    </ClCompile>
    <ClCompile Include="CGL\deps\glfw\src\init.c">
      <Filter>源文件</Filter>
    </ClCompile>
    <ClCompile Include="CGL\deps\glfw\src\input.c">
      <Filter>源文件</Filter>
    </ClCompile>
    <ClCompile Include="CGL\deps\glfw\src\linux_joystick.c">
      <Filter>源文件</Filter>
    </ClCompile>
    <ClCompile Include="CGL\deps\glfw\src\mach_time.c">
      <Filter>源文件</Filter>
    </ClCompile>
    <ClCompile Include="CGL\deps\glfw\src\mir_init.c">
      <Filter>源文件</Filter>
    </ClCompile>
    <ClCompile Include="CGL\deps\glfw\src\mir_monitor.c">
      <Filter>源文件</Filter>
    </ClCompile>
    <ClCompile Include="CGL\deps\glfw\src\mir_window.c">
      <Filter>源文件</Filter>
    </ClCompile>
    <ClCompile Include="CGL\deps\glfw\src\monitor.c">
      <Filter>源文件</Filter>
    </ClCompile>
    <ClCompile Include="CGL\deps\glfw\src\posix_time.c">
      <Filter>源文件</Filter>
    </ClCompile>
    <ClCompile Include="CGL\deps\glfw\src\posix_tls.c">
      <Filter>源文件</Filter>
    </ClCompile>
    <ClCompile Include="CGL\deps\glfw\src\wgl_context.c">
      <Filter>源文件</Filter>
    </ClCompile>
    <ClCompile Include="CGL\deps\glfw\src\win32_init.c">
      <Filter>源文件</Filter>
    </ClCompile>
    <ClCompile Include="CGL\deps\glfw\src\win32_monitor.c">
      <Filter>源文件</Filter>
    </ClCompile>
    <ClCompile Include="CGL\deps\glfw\src\win32_time.c">
      <Filter>源文件</Filter>
    </ClCompile>
    <ClCompile Include="CGL\deps\glfw\src\win32_tls.c">
      <Filter>源文件</Filter>
    </ClCompile>
    <ClCompile Include="CGL\deps\glfw\src\win32_window.c">
      <Filter>源文件</Filter>
    </ClCompile>
    <ClCompile Include="CGL\deps\glfw\src\window.c">
      <Filter>源文件</Filter>
    </ClCompile>
    <ClCompile Include="CGL\deps\glfw\src\winmm_joystick.c">
      <Filter>源文件</Filter>
    </ClCompile>
    <ClCompile Include="CGL\deps\glfw\src\wl_init.c">
      <Filter>源文件</Filter>
    </ClCompile>
    <ClCompile Include="CGL\deps\glfw\src\wl_monitor.c">
      <Filter>源文件</Filter>
    </ClCompile>
    <ClCompile Include="CGL\deps\glfw\src\wl_window.c">
      <Filter>源文件</Filter>
    </ClCompile>
    <ClCompile Include="CGL\deps\glfw\src\x11_init.c">
      <Filter>源文件</Filter>
    </ClCompile>
    <ClCompile Include="CGL\deps\glfw\src\x11_monitor.c">
      <Filter>源文件</Filter>
    </ClCompile>
    <ClCompile Include="CGL\deps\glfw\src\x11_window.c">
      <Filter>源文件</Filter>
    </ClCompile>
    <ClCompile Include="CGL\deps\glfw\src\xkb_unicode.c">
      <Filter>源文件</Filter>
    </ClCompile>
    <ClCompile Include="CGL\deps\glfw\tests\accuracy.c">
      <Filter>源文件</Filter>
    </ClCompile>
    <ClCompile Include="CGL\deps\glfw\tests\clipboard.c">
      <Filter>源文件</Filter>
    </ClCompile>
    <ClCompile Include="CGL\deps\glfw\tests\cursor.c">
      <Filter>源文件</Filter>
    </ClCompile>
    <ClCompile Include="CGL\deps\glfw\tests\cursoranim.c">
      <Filter>源文件</Filter>
    </ClCompile>
    <ClCompile Include="CGL\deps\glfw\tests\defaults.c">
      <Filter>源文件</Filter>
    </ClCompile>
    <ClCompile Include="CGL\deps\glfw\tests\empty.c">
      <Filter>源文件</Filter>
    </ClCompile>
    <ClCompile Include="CGL\deps\glfw\tests\events.c">
      <Filter>源文件</Filter>
    </ClCompile>
    <ClCompile Include="CGL\deps\glfw\tests\fsaa.c">
      <Filter>源文件</Filter>
    </ClCompile>
    <ClCompile Include="CGL\deps\glfw\tests\gamma.c">
      <Filter>源文件</Filter>
    </ClCompile>
    <ClCompile Include="CGL\deps\glfw\tests\glfwinfo.c">
      <Filter>源文件</Filter>
    </ClCompile>
    <ClCompile Include="CGL\deps\glfw\tests\iconify.c">
      <Filter>源文件</Filter>
    </ClCompile>
    <ClCompile Include="CGL\deps\glfw\tests\joysticks.c">
      <Filter>源文件</Filter>
    </ClCompile>
    <ClCompile Include="CGL\deps\glfw\tests\monitors.c">
      <Filter>源文件</Filter>
    </ClCompile>
    <ClCompile Include="CGL\deps\glfw\tests\peter.c">
      <Filter>源文件</Filter>
    </ClCompile>
    <ClCompile Include="CGL\deps\glfw\tests\reopen.c">
      <Filter>源文件</Filter>
    </ClCompile>
    <ClCompile Include="CGL\deps\glfw\tests\sharing.c">
      <Filter>源文件</Filter>
    </ClCompile>
    <ClCompile Include="CGL\deps\glfw\tests\tearing.c">
      <Filter>源文件</Filter>
    </ClCompile>
    <ClCompile Include="CGL\deps\glfw\tests\threads.c">
      <Filter>源文件</Filter>
    </ClCompile>
    <ClCompile Include="CGL\deps\glfw\tests\title.c">
      <Filter>源文件</Filter>
    </ClCompile>
    <ClCompile Include="CGL\deps\glfw\tests\windows.c">
      <Filter>源文件</Filter>
    </ClCompile>
    <ClCompile Include="CGL\examples\text.cpp">
      <Filter>源文件</Filter>
    </ClCompile>
    <ClCompile Include="CGL\examples\triangle.cpp">
      <Filter>源文件</Filter>
    </ClCompile>
    <ClCompile Include="CGL\src\base64.cpp">
      <Filter>源文件</Filter>
    </ClCompile>
    <ClCompile Include="CGL\src\color.cpp">
      <Filter>源文件</Filter>
    </ClCompile>
    <ClCompile Include="CGL\src\complex.cpp">
      <Filter>源文件</Filter>
    </ClCompile>
    <ClCompile Include="CGL\src\matrix3x3.cpp">
      <Filter>源文件</Filter>
    </ClCompile>
    <ClCompile Include="CGL\src\matrix4x4.cpp">
      <Filter>源文件</Filter>
    </ClCompile>
    <ClCompile Include="CGL\src\osdfont.c">
      <Filter>源文件</Filter>
    </ClCompile>
    <ClCompile Include="CGL\src\osdtext.cpp">
      <Filter>源文件</Filter>
    </ClCompile>
    <ClCompile Include="CGL\src\quaternion.cpp">
      <Filter>源文件</Filter>
    </ClCompile>
    <ClCompile Include="CGL\src\tinyxml2.cpp">
      <Filter>源文件</Filter>
    </ClCompile>
    <ClCompile Include="CGL\src\vector2D.cpp">
      <Filter>源文件</Filter>
    </ClCompile>
    <ClCompile Include="CGL\src\vector3D.cpp">
      <Filter>源文件</Filter>
    </ClCompile>
    <ClCompile Include="CGL\src\vector4D.cpp">
      <Filter>源文件</Filter>
    </ClCompile>
    <ClCompile Include="CGL\src\viewer.cpp">
      <Filter>源文件</Filter>
    </ClCompile>
    <ClCompile Include="CGL\tests\osd.cpp">
      <Filter>源文件</Filter>
    </ClCompile>
    <ClCompile Include="src\application.cpp">
      <Filter>源文件</Filter>
    </ClCompile>
    <ClCompile Include="src\main.cpp">
      <Filter>源文件</Filter>
    </ClCompile>
    <ClCompile Include="src\rope.cpp">
      <Filter>源文件</Filter>
    </ClCompile>
  </ItemGroup>
  <ItemGroup>
    <None Include="CGL\deps\glfw\docs\html\search\all_0.html" />
    <None Include="CGL\deps\glfw\docs\html\search\all_1.html" />
    <None Include="CGL\deps\glfw\docs\html\search\all_2.html" />
    <None Include="CGL\deps\glfw\docs\html\search\all_3.html" />
    <None Include="CGL\deps\glfw\docs\html\search\all_4.html" />
    <None Include="CGL\deps\glfw\docs\html\search\all_5.html" />
    <None Include="CGL\deps\glfw\docs\html\search\all_6.html" />
    <None Include="CGL\deps\glfw\docs\html\search\all_7.html" />
    <None Include="CGL\deps\glfw\docs\html\search\all_8.html" />
    <None Include="CGL\deps\glfw\docs\html\search\all_9.html" />
    <None Include="CGL\deps\glfw\docs\html\search\all_a.html" />
    <None Include="CGL\deps\glfw\docs\html\search\all_b.html" />
    <None Include="CGL\deps\glfw\docs\html\search\all_c.html" />
    <None Include="CGL\deps\glfw\docs\html\search\all_d.html" />
    <None Include="CGL\deps\glfw\docs\html\search\all_e.html" />
    <None Include="CGL\deps\glfw\docs\html\search\all_f.html" />
    <None Include="CGL\deps\glfw\docs\html\search\classes_0.html" />
    <None Include="CGL\deps\glfw\docs\html\search\defines_0.html" />
    <None Include="CGL\deps\glfw\docs\html\search\files_0.html" />
    <None Include="CGL\deps\glfw\docs\html\search\files_1.html" />
    <None Include="CGL\deps\glfw\docs\html\search\files_2.html" />
    <None Include="CGL\deps\glfw\docs\html\search\files_3.html" />
    <None Include="CGL\deps\glfw\docs\html\search\files_4.html" />
    <None Include="CGL\deps\glfw\docs\html\search\files_5.html" />
    <None Include="CGL\deps\glfw\docs\html\search\files_6.html" />
    <None Include="CGL\deps\glfw\docs\html\search\files_7.html" />
    <None Include="CGL\deps\glfw\docs\html\search\files_8.html" />
    <None Include="CGL\deps\glfw\docs\html\search\functions_0.html" />
    <None Include="CGL\deps\glfw\docs\html\search\groups_0.html" />
    <None Include="CGL\deps\glfw\docs\html\search\groups_1.html" />
    <None Include="CGL\deps\glfw\docs\html\search\groups_2.html" />
    <None Include="CGL\deps\glfw\docs\html\search\groups_3.html" />
    <None Include="CGL\deps\glfw\docs\html\search\groups_4.html" />
    <None Include="CGL\deps\glfw\docs\html\search\groups_5.html" />
    <None Include="CGL\deps\glfw\docs\html\search\groups_6.html" />
    <None Include="CGL\deps\glfw\docs\html\search\groups_7.html" />
    <None Include="CGL\deps\glfw\docs\html\search\groups_8.html" />
    <None Include="CGL\deps\glfw\docs\html\search\nomatches.html" />
    <None Include="CGL\deps\glfw\docs\html\search\pages_0.html" />
    <None Include="CGL\deps\glfw\docs\html\search\pages_1.html" />
    <None Include="CGL\deps\glfw\docs\html\search\pages_2.html" />
    <None Include="CGL\deps\glfw\docs\html\search\pages_3.html" />
    <None Include="CGL\deps\glfw\docs\html\search\pages_4.html" />
    <None Include="CGL\deps\glfw\docs\html\search\pages_5.html" />
    <None Include="CGL\deps\glfw\docs\html\search\pages_6.html" />
    <None Include="CGL\deps\glfw\docs\html\search\pages_7.html" />
    <None Include="CGL\deps\glfw\docs\html\search\pages_8.html" />
    <None Include="CGL\deps\glfw\docs\html\search\typedefs_0.html" />
    <None Include="CGL\deps\glfw\docs\html\search\variables_0.html" />
    <None Include="CGL\deps\glfw\docs\html\search\variables_1.html" />
    <None Include="CGL\deps\glfw\docs\html\search\variables_2.html" />
    <None Include="CGL\deps\glfw\docs\html\search\variables_3.html" />
    <None Include="CGL\deps\glfw\docs\html\search\variables_4.html" />
    <None Include="CGL\deps\glfw\docs\html\search\variables_5.html" />
    <None Include="CGL\deps\glfw\docs\html\search\variables_6.html" />
    <None Include="CGL\deps\glfw\docs\html\annotated.html" />
    <None Include="CGL\deps\glfw\docs\html\bug.html" />
    <None Include="CGL\deps\glfw\docs\html\build.html" />
    <None Include="CGL\deps\glfw\docs\html\build_8dox.html" />
    <None Include="CGL\deps\glfw\docs\html\classes.html" />
    <None Include="CGL\deps\glfw\docs\html\compat.html" />
    <None Include="CGL\deps\glfw\docs\html\compat_8dox.html" />
    <None Include="CGL\deps\glfw\docs\html\compile.html" />
    <None Include="CGL\deps\glfw\docs\html\compile_8dox.html" />
    <None Include="CGL\deps\glfw\docs\html\context.html" />
    <None Include="CGL\deps\glfw\docs\html\context_8dox.html" />
    <None Include="CGL\deps\glfw\docs\html\dir_2424ad704b206c89082f9408cac4dea1.html" />
    <None Include="CGL\deps\glfw\docs\html\dir_cad64ac143687238294d0ef1c4308bc1.html" />
    <None Include="CGL\deps\glfw\docs\html\dir_d0d9ff8e306589526ff939d1e8a51d35.html" />
    <None Include="CGL\deps\glfw\docs\html\files.html" />
    <None Include="CGL\deps\glfw\docs\html\functions.html" />
    <None Include="CGL\deps\glfw\docs\html\functions_vars.html" />
    <None Include="CGL\deps\glfw\docs\html\glfw3_8h.html" />
    <None Include="CGL\deps\glfw\docs\html\glfw3_8h_source.html" />
    <None Include="CGL\deps\glfw\docs\html\glfw3native_8h.html" />
    <None Include="CGL\deps\glfw\docs\html\glfw3native_8h_source.html" />
    <None Include="CGL\deps\glfw\docs\html\globals.html" />
    <None Include="CGL\deps\glfw\docs\html\globals_b.html" />
    <None Include="CGL\deps\glfw\docs\html\globals_c.html" />
    <None Include="CGL\deps\glfw\docs\html\globals_d.html" />
    <None Include="CGL\deps\glfw\docs\html\globals_defs.html" />
    <None Include="CGL\deps\glfw\docs\html\globals_defs_b.html" />
    <None Include="CGL\deps\glfw\docs\html\globals_defs_c.html" />
    <None Include="CGL\deps\glfw\docs\html\globals_defs_d.html" />
    <None Include="CGL\deps\glfw\docs\html\globals_defs_f.html" />
    <None Include="CGL\deps\glfw\docs\html\globals_defs_g.html" />
    <None Include="CGL\deps\glfw\docs\html\globals_defs_h.html" />
    <None Include="CGL\deps\glfw\docs\html\globals_defs_i.html" />
    <None Include="CGL\deps\glfw\docs\html\globals_defs_j.html" />
    <None Include="CGL\deps\glfw\docs\html\globals_defs_k.html" />
    <None Include="CGL\deps\glfw\docs\html\globals_defs_l.html" />
    <None Include="CGL\deps\glfw\docs\html\globals_defs_m.html" />
    <None Include="CGL\deps\glfw\docs\html\globals_defs_n.html" />
    <None Include="CGL\deps\glfw\docs\html\globals_defs_o.html" />
    <None Include="CGL\deps\glfw\docs\html\globals_defs_p.html" />
    <None Include="CGL\deps\glfw\docs\html\globals_defs_r.html" />
    <None Include="CGL\deps\glfw\docs\html\globals_defs_s.html" />
    <None Include="CGL\deps\glfw\docs\html\globals_defs_v.html" />
    <None Include="CGL\deps\glfw\docs\html\globals_e.html" />
    <None Include="CGL\deps\glfw\docs\html\globals_f.html" />
    <None Include="CGL\deps\glfw\docs\html\globals_func.html" />
    <None Include="CGL\deps\glfw\docs\html\globals_g.html" />
    <None Include="CGL\deps\glfw\docs\html\globals_h.html" />
    <None Include="CGL\deps\glfw\docs\html\globals_i.html" />
    <None Include="CGL\deps\glfw\docs\html\globals_j.html" />
    <None Include="CGL\deps\glfw\docs\html\globals_k.html" />
    <None Include="CGL\deps\glfw\docs\html\globals_l.html" />
    <None Include="CGL\deps\glfw\docs\html\globals_m.html" />
    <None Include="CGL\deps\glfw\docs\html\globals_n.html" />
    <None Include="CGL\deps\glfw\docs\html\globals_o.html" />
    <None Include="CGL\deps\glfw\docs\html\globals_p.html" />
    <None Include="CGL\deps\glfw\docs\html\globals_r.html" />
    <None Include="CGL\deps\glfw\docs\html\globals_s.html" />
    <None Include="CGL\deps\glfw\docs\html\globals_t.html" />
    <None Include="CGL\deps\glfw\docs\html\globals_type.html" />
    <None Include="CGL\deps\glfw\docs\html\globals_v.html" />
    <None Include="CGL\deps\glfw\docs\html\globals_w.html" />
    <None Include="CGL\deps\glfw\docs\html\group__buttons.html" />
    <None Include="CGL\deps\glfw\docs\html\group__context.html" />
    <None Include="CGL\deps\glfw\docs\html\group__errors.html" />
    <None Include="CGL\deps\glfw\docs\html\group__init.html" />
    <None Include="CGL\deps\glfw\docs\html\group__input.html" />
    <None Include="CGL\deps\glfw\docs\html\group__joysticks.html" />
    <None Include="CGL\deps\glfw\docs\html\group__keys.html" />
    <None Include="CGL\deps\glfw\docs\html\group__mods.html" />
    <None Include="CGL\deps\glfw\docs\html\group__monitor.html" />
    <None Include="CGL\deps\glfw\docs\html\group__native.html" />
    <None Include="CGL\deps\glfw\docs\html\group__shapes.html" />
    <None Include="CGL\deps\glfw\docs\html\group__window.html" />
    <None Include="CGL\deps\glfw\docs\html\index.html" />
    <None Include="CGL\deps\glfw\docs\html\input.html" />
    <None Include="CGL\deps\glfw\docs\html\input_8dox.html" />
    <None Include="CGL\deps\glfw\docs\html\intro.html" />
    <None Include="CGL\deps\glfw\docs\html\intro_8dox.html" />
    <None Include="CGL\deps\glfw\docs\html\main_8dox.html" />
    <None Include="CGL\deps\glfw\docs\html\modules.html" />
    <None Include="CGL\deps\glfw\docs\html\monitor.html" />
    <None Include="CGL\deps\glfw\docs\html\monitor_8dox.html" />
    <None Include="CGL\deps\glfw\docs\html\moving.html" />
    <None Include="CGL\deps\glfw\docs\html\moving_8dox.html" />
    <None Include="CGL\deps\glfw\docs\html\news.html" />
    <None Include="CGL\deps\glfw\docs\html\news_8dox.html" />
    <None Include="CGL\deps\glfw\docs\html\pages.html" />
    <None Include="CGL\deps\glfw\docs\html\quick.html" />
    <None Include="CGL\deps\glfw\docs\html\quick_8dox.html" />
    <None Include="CGL\deps\glfw\docs\html\rift.html" />
    <None Include="CGL\deps\glfw\docs\html\rift_8dox.html" />
    <None Include="CGL\deps\glfw\docs\html\structGLFWgammaramp.html" />
    <None Include="CGL\deps\glfw\docs\html\structGLFWimage.html" />
    <None Include="CGL\deps\glfw\docs\html\structGLFWvidmode.html" />
    <None Include="CGL\deps\glfw\docs\html\window.html" />
    <None Include="CGL\deps\glfw\docs\html\window_8dox.html" />
    <None Include="CGL\deps\glfw\docs\footer.html" />
    <None Include="CGL\deps\glfw\docs\header.html" />
  </ItemGroup>
</Project>